
Microsoft Visual Studio Solution File, Format Version 12.00
# Visual Studio Version 17
VisualStudioVersion = 17.8.34330.188
MinimumVisualStudioVersion = 10.0.40219.1
Project("{FAE04EC0-301F-11D3-BF4B-00C04F79EFBC}") = "DoctorAppointmentBookingSystem", "DoctorAppointmentBookingSystem\DoctorAppointmentBookingSystem.csproj", "{8420F7AF-682D-4E4C-AD49-CDA0DAE913D4}"
EndProject
Global
	GlobalSection(SolutionConfigurationPlatforms) = preSolution
		Debug|Any CPU = Debug|Any CPU
		Release|Any CPU = Release|Any CPU
	EndGlobalSection
	GlobalSection(ProjectConfigurationPlatforms) = postSolution
		{8420F7AF-682D-4E4C-AD49-CDA0DAE913D4}.Debug|Any CPU.ActiveCfg = Debug|Any CPU
		{8420F7AF-682D-4E4C-AD49-CDA0DAE913D4}.Debug|Any CPU.Build.0 = Debug|Any CPU
		{8420F7AF-682D-4E4C-AD49-CDA0DAE913D4}.Release|Any CPU.ActiveCfg = Release|Any CPU
		{8420F7AF-682D-4E4C-AD49-CDA0DAE913D4}.Release|Any CPU.Build.0 = Release|Any CPU
	EndGlobalSection
	GlobalSection(SolutionProperties) = preSolution
		HideSolutionNode = FALSE
	EndGlobalSection
	GlobalSection(ExtensibilityGlobals) = postSolution
		SolutionGuid = {3A59EE82-122F-47CF-8AAF-963274744F37}
	EndGlobalSection
EndGlobal
